
Microsoft Visual Studio Solution File, Format Version 12.00
# Visual Studio 15
VisualStudioVersion = 15.0.27130.2027
MinimumVisualStudioVersion = 10.0.40219.1
Project("{FAE04EC0-301F-11D3-BF4B-00C04F79EFBC}") = "Interfaces.AnagramSolver", "Interfaces.AnagramSolver\Interfaces.AnagramSolver.csproj", "{B6DEF0CE-43E9-4A1D-87CD-A7AA47876696}"
EndProject
Project("{FAE04EC0-301F-11D3-BF4B-00C04F79EFBC}") = "Implementation.AnagramSolver", "Implementation.AnagramSolver\Implementation.AnagramSolver.csproj", "{CF9FB0D8-E7D8-470A-991D-82360ED558CF}"
EndProject
Project("{FAE04EC0-301F-11D3-BF4B-00C04F79EFBC}") = "MainApp", "MainApp\MainApp.csproj", "{FAD86077-4F39-4015-9563-01AFCC603BE1}"
EndProject
Project("{FAE04EC0-301F-11D3-BF4B-00C04F79EFBC}") = "AnagramSolver.Tests", "AnagramSolver.Tests\AnagramSolver.Tests.csproj", "{726FB41E-198E-421E-91FD-742816566FDA}"
EndProject
Global
	GlobalSection(SolutionConfigurationPlatforms) = preSolution
		Debug|Any CPU = Debug|Any CPU
		Release|Any CPU = Release|Any CPU
	EndGlobalSection
	GlobalSection(ProjectConfigurationPlatforms) = postSolution
		{B6DEF0CE-43E9-4A1D-87CD-A7AA47876696}.Debug|Any CPU.ActiveCfg = Debug|Any CPU
		{B6DEF0CE-43E9-4A1D-87CD-A7AA47876696}.Debug|Any CPU.Build.0 = Debug|Any CPU
		{B6DEF0CE-43E9-4A1D-87CD-A7AA47876696}.Release|Any CPU.ActiveCfg = Release|Any CPU
		{B6DEF0CE-43E9-4A1D-87CD-A7AA47876696}.Release|Any CPU.Build.0 = Release|Any CPU
		{CF9FB0D8-E7D8-470A-991D-82360ED558CF}.Debug|Any CPU.ActiveCfg = Debug|Any CPU
		{CF9FB0D8-E7D8-470A-991D-82360ED558CF}.Debug|Any CPU.Build.0 = Debug|Any CPU
		{CF9FB0D8-E7D8-470A-991D-82360ED558CF}.Release|Any CPU.ActiveCfg = Release|Any CPU
		{CF9FB0D8-E7D8-470A-991D-82360ED558CF}.Release|Any CPU.Build.0 = Release|Any CPU
		{FAD86077-4F39-4015-9563-01AFCC603BE1}.Debug|Any CPU.ActiveCfg = Debug|Any CPU
		{FAD86077-4F39-4015-9563-01AFCC603BE1}.Debug|Any CPU.Build.0 = Debug|Any CPU
		{FAD86077-4F39-4015-9563-01AFCC603BE1}.Release|Any CPU.ActiveCfg = Release|Any CPU
		{FAD86077-4F39-4015-9563-01AFCC603BE1}.Release|Any CPU.Build.0 = Release|Any CPU
		{726FB41E-198E-421E-91FD-742816566FDA}.Debug|Any CPU.ActiveCfg = Debug|Any CPU
		{726FB41E-198E-421E-91FD-742816566FDA}.Debug|Any CPU.Build.0 = Debug|Any CPU
		{726FB41E-198E-421E-91FD-742816566FDA}.Release|Any CPU.ActiveCfg = Release|Any CPU
		{726FB41E-198E-421E-91FD-742816566FDA}.Release|Any CPU.Build.0 = Release|Any CPU
	EndGlobalSection
	GlobalSection(SolutionProperties) = preSolution
		HideSolutionNode = FALSE
	EndGlobalSection
	GlobalSection(ExtensibilityGlobals) = postSolution
		SolutionGuid = {A45940C1-99CA-417D-9F61-BBFE665B78F5}
	EndGlobalSection
EndGlobal
