
Microsoft Visual Studio Solution File, Format Version 12.00
# Visual Studio 15
VisualStudioVersion = 15.0.27130.2027
MinimumVisualStudioVersion = 10.0.40219.1
Project("{FAE04EC0-301F-11D3-BF4B-00C04F79EFBC}") = "Web", "Web\Web.csproj", "{F1F6B7DC-9664-48A2-AF2B-941AF0D25E13}"
EndProject
Project("{FAE04EC0-301F-11D3-BF4B-00C04F79EFBC}") = "MainApp", "MainApp\MainApp.csproj", "{FAD86077-4F39-4015-9563-01AFCC603BE1}"
EndProject
Project("{FAE04EC0-301F-11D3-BF4B-00C04F79EFBC}") = "AnagramSolver.Tests", "AnagramSolver.Tests\AnagramSolver.Tests.csproj", "{726FB41E-198E-421E-91FD-742816566FDA}"
EndProject
Project("{FAE04EC0-301F-11D3-BF4B-00C04F79EFBC}") = "Implementation.AnagramSolver", "Implementation.AnagramSolver\Implementation.AnagramSolver.csproj", "{CF9FB0D8-E7D8-470A-991D-82360ED558CF}"
EndProject
Project("{FAE04EC0-301F-11D3-BF4B-00C04F79EFBC}") = "Interfaces.AnagramSolver", "Interfaces.AnagramSolver\Interfaces.AnagramSolver.csproj", "{B6DEF0CE-43E9-4A1D-87CD-A7AA47876696}"
EndProject
Project("{FAE04EC0-301F-11D3-BF4B-00C04F79EFBC}") = "HttpConsole", "HttpConsole\HttpConsole.csproj", "{253453D3-91D4-4A1A-8C24-E49CA9D86184}"
EndProject
Project("{FAE04EC0-301F-11D3-BF4B-00C04F79EFBC}") = "DatabaseConsole", "DatabaseConsole\DatabaseConsole.csproj", "{A6C2CD3D-8546-4C6C-8B1E-3AFE6456157F}"
EndProject
Global
	GlobalSection(SolutionConfigurationPlatforms) = preSolution
		Debug|Any CPU = Debug|Any CPU
		Release|Any CPU = Release|Any CPU
	EndGlobalSection
	GlobalSection(ProjectConfigurationPlatforms) = postSolution
		{F1F6B7DC-9664-48A2-AF2B-941AF0D25E13}.Debug|Any CPU.ActiveCfg = Debug|Any CPU
		{F1F6B7DC-9664-48A2-AF2B-941AF0D25E13}.Debug|Any CPU.Build.0 = Debug|Any CPU
		{F1F6B7DC-9664-48A2-AF2B-941AF0D25E13}.Release|Any CPU.ActiveCfg = Release|Any CPU
		{F1F6B7DC-9664-48A2-AF2B-941AF0D25E13}.Release|Any CPU.Build.0 = Release|Any CPU
		{FAD86077-4F39-4015-9563-01AFCC603BE1}.Debug|Any CPU.ActiveCfg = Debug|Any CPU
		{FAD86077-4F39-4015-9563-01AFCC603BE1}.Debug|Any CPU.Build.0 = Debug|Any CPU
		{FAD86077-4F39-4015-9563-01AFCC603BE1}.Release|Any CPU.ActiveCfg = Release|Any CPU
		{FAD86077-4F39-4015-9563-01AFCC603BE1}.Release|Any CPU.Build.0 = Release|Any CPU
		{726FB41E-198E-421E-91FD-742816566FDA}.Debug|Any CPU.ActiveCfg = Debug|Any CPU
		{726FB41E-198E-421E-91FD-742816566FDA}.Debug|Any CPU.Build.0 = Debug|Any CPU
		{726FB41E-198E-421E-91FD-742816566FDA}.Release|Any CPU.ActiveCfg = Release|Any CPU
		{726FB41E-198E-421E-91FD-742816566FDA}.Release|Any CPU.Build.0 = Release|Any CPU
		{CF9FB0D8-E7D8-470A-991D-82360ED558CF}.Debug|Any CPU.ActiveCfg = Debug|Any CPU
		{CF9FB0D8-E7D8-470A-991D-82360ED558CF}.Debug|Any CPU.Build.0 = Debug|Any CPU
		{CF9FB0D8-E7D8-470A-991D-82360ED558CF}.Release|Any CPU.ActiveCfg = Release|Any CPU
		{CF9FB0D8-E7D8-470A-991D-82360ED558CF}.Release|Any CPU.Build.0 = Release|Any CPU
		{B6DEF0CE-43E9-4A1D-87CD-A7AA47876696}.Debug|Any CPU.ActiveCfg = Debug|Any CPU
		{B6DEF0CE-43E9-4A1D-87CD-A7AA47876696}.Debug|Any CPU.Build.0 = Debug|Any CPU
		{B6DEF0CE-43E9-4A1D-87CD-A7AA47876696}.Release|Any CPU.ActiveCfg = Release|Any CPU
		{B6DEF0CE-43E9-4A1D-87CD-A7AA47876696}.Release|Any CPU.Build.0 = Release|Any CPU
		{253453D3-91D4-4A1A-8C24-E49CA9D86184}.Debug|Any CPU.ActiveCfg = Debug|Any CPU
		{253453D3-91D4-4A1A-8C24-E49CA9D86184}.Debug|Any CPU.Build.0 = Debug|Any CPU
		{253453D3-91D4-4A1A-8C24-E49CA9D86184}.Release|Any CPU.ActiveCfg = Release|Any CPU
		{253453D3-91D4-4A1A-8C24-E49CA9D86184}.Release|Any CPU.Build.0 = Release|Any CPU
		{A6C2CD3D-8546-4C6C-8B1E-3AFE6456157F}.Debug|Any CPU.ActiveCfg = Debug|Any CPU
		{A6C2CD3D-8546-4C6C-8B1E-3AFE6456157F}.Debug|Any CPU.Build.0 = Debug|Any CPU
		{A6C2CD3D-8546-4C6C-8B1E-3AFE6456157F}.Release|Any CPU.ActiveCfg = Release|Any CPU
		{A6C2CD3D-8546-4C6C-8B1E-3AFE6456157F}.Release|Any CPU.Build.0 = Release|Any CPU
	EndGlobalSection
	GlobalSection(SolutionProperties) = preSolution
		HideSolutionNode = FALSE
	EndGlobalSection
	GlobalSection(ExtensibilityGlobals) = postSolution
		SolutionGuid = {CF62E239-5ABC-41F3-B049-5E476D02C165}
	EndGlobalSection
EndGlobal
